// !$*UTF8*$!
{
	archiveVersion = 1;
	classes = {
	};
	objectVersion = 46;
	objects = {

/* Begin PBXBuildFile section */
		A7B446721D5FF388008410AA /* AppDelegate.swift in Sources */ = {isa = PBXBuildFile; fileRef = A7B446711D5FF388008410AA /* AppDelegate.swift */; };
		A7B446741D5FF388008410AA /* ViewController.swift in Sources */ = {isa = PBXBuildFile; fileRef = A7B446731D5FF388008410AA /* ViewController.swift */; };
		A7B446771D5FF388008410AA /* Main.storyboard in Resources */ = {isa = PBXBuildFile; fileRef = A7B446751D5FF388008410AA /* Main.storyboard */; };
		A7B446791D5FF388008410AA /* Assets.xcassets in Resources */ = {isa = PBXBuildFile; fileRef = A7B446781D5FF388008410AA /* Assets.xcassets */; };
		A7B4467C1D5FF388008410AA /* LaunchScreen.storyboard in Resources */ = {isa = PBXBuildFile; fileRef = A7B4467A1D5FF388008410AA /* LaunchScreen.storyboard */; };
		A7B446871D5FF388008410AA /* BaseStatArrayStructureTests.swift in Sources */ = {isa = PBXBuildFile; fileRef = A7B446861D5FF388008410AA /* BaseStatArrayStructureTests.swift */; };
		A7B446921D5FF388008410AA /* BaseStatArrayStructureUITests.swift in Sources */ = {isa = PBXBuildFile; fileRef = A7B446911D5FF388008410AA /* BaseStatArrayStructureUITests.swift */; };
/* End PBXBuildFile section */

/* Begin PBXContainerItemProxy section */
		A7B446831D5FF388008410AA /* PBXContainerItemProxy */ = {
			isa = PBXContainerItemProxy;
			containerPortal = A7B446661D5FF387008410AA /* Project object */;
			proxyType = 1;
			remoteGlobalIDString = A7B4466D1D5FF387008410AA;
			remoteInfo = BaseStatArrayStructure;
		};
		A7B4468E1D5FF388008410AA /* PBXContainerItemProxy */ = {
			isa = PBXContainerItemProxy;
			containerPortal = A7B446661D5FF387008410AA /* Project object */;
			proxyType = 1;
			remoteGlobalIDString = A7B4466D1D5FF387008410AA;
			remoteInfo = BaseStatArrayStructure;
		};
/* End PBXContainerItemProxy section */

/* Begin PBXFileReference section */
		A7B4466E1D5FF387008410AA /* BaseStatArrayStructure.app */ = {isa = PBXFileReference; explicitFileType = wrapper.application; includeInIndex = 0; path = BaseStatArrayStructure.app; sourceTree = BUILT_PRODUCTS_DIR; };
		A7B446711D5FF388008410AA /* AppDelegate.swift */ = {isa = PBXFileReference; lastKnownFileType = sourcecode.swift; path = AppDelegate.swift; sourceTree = "<group>"; };
		A7B446731D5FF388008410AA /* ViewController.swift */ = {isa = PBXFileReference; lastKnownFileType = sourcecode.swift; path = ViewController.swift; sourceTree = "<group>"; };
		A7B446761D5FF388008410AA /* Base */ = {isa = PBXFileReference; lastKnownFileType = file.storyboard; name = Base; path = Base.lproj/Main.storyboard; sourceTree = "<group>"; };
		A7B446781D5FF388008410AA /* Assets.xcassets */ = {isa = PBXFileReference; lastKnownFileType = folder.assetcatalog; path = Assets.xcassets; sourceTree = "<group>"; };
		A7B4467B1D5FF388008410AA /* Base */ = {isa = PBXFileReference; lastKnownFileType = file.storyboard; name = Base; path = Base.lproj/LaunchScreen.storyboard; sourceTree = "<group>"; };
		A7B4467D1D5FF388008410AA /* Info.plist */ = {isa = PBXFileReference; lastKnownFileType = text.plist.xml; path = Info.plist; sourceTree = "<group>"; };
		A7B446821D5FF388008410AA /* BaseStatArrayStructureTests.xctest */ = {isa = PBXFileReference; explicitFileType = wrapper.cfbundle; includeInIndex = 0; path = BaseStatArrayStructureTests.xctest; sourceTree = BUILT_PRODUCTS_DIR; };
		A7B446861D5FF388008410AA /* BaseStatArrayStructureTests.swift */ = {isa = PBXFileReference; lastKnownFileType = sourcecode.swift; path = BaseStatArrayStructureTests.swift; sourceTree = "<group>"; };
		A7B446881D5FF388008410AA /* Info.plist */ = {isa = PBXFileReference; lastKnownFileType = text.plist.xml; path = Info.plist; sourceTree = "<group>"; };
		A7B4468D1D5FF388008410AA /* BaseStatArrayStructureUITests.xctest */ = {isa = PBXFileReference; explicitFileType = wrapper.cfbundle; includeInIndex = 0; path = BaseStatArrayStructureUITests.xctest; sourceTree = BUILT_PRODUCTS_DIR; };
		A7B446911D5FF388008410AA /* BaseStatArrayStructureUITests.swift */ = {isa = PBXFileReference; lastKnownFileType = sourcecode.swift; path = BaseStatArrayStructureUITests.swift; sourceTree = "<group>"; };
		A7B446931D5FF388008410AA /* Info.plist */ = {isa = PBXFileReference; lastKnownFileType = text.plist.xml; path = Info.plist; sourceTree = "<group>"; };
/* End PBXFileReference section */

/* Begin PBXFrameworksBuildPhase section */
		A7B4466B1D5FF387008410AA /* Frameworks */ = {
			isa = PBXFrameworksBuildPhase;
			buildActionMask = 2147483647;
			files = (
			);
			runOnlyForDeploymentPostprocessing = 0;
		};
		A7B4467F1D5FF388008410AA /* Frameworks */ = {
			isa = PBXFrameworksBuildPhase;
			buildActionMask = 2147483647;
			files = (
			);
			runOnlyForDeploymentPostprocessing = 0;
		};
		A7B4468A1D5FF388008410AA /* Frameworks */ = {
			isa = PBXFrameworksBuildPhase;
			buildActionMask = 2147483647;
			files = (
			);
			runOnlyForDeploymentPostprocessing = 0;
		};
/* End PBXFrameworksBuildPhase section */

/* Begin PBXGroup section */
		A7B446651D5FF387008410AA = {
			isa = PBXGroup;
			children = (
				A7B446701D5FF387008410AA /* BaseStatArrayStructure */,
				A7B446851D5FF388008410AA /* BaseStatArrayStructureTests */,
				A7B446901D5FF388008410AA /* BaseStatArrayStructureUITests */,
				A7B4466F1D5FF387008410AA /* Products */,
			);
			sourceTree = "<group>";
		};
		A7B4466F1D5FF387008410AA /* Products */ = {
			isa = PBXGroup;
			children = (
				A7B4466E1D5FF387008410AA /* BaseStatArrayStructure.app */,
				A7B446821D5FF388008410AA /* BaseStatArrayStructureTests.xctest */,
				A7B4468D1D5FF388008410AA /* BaseStatArrayStructureUITests.xctest */,
			);
			name = Products;
			sourceTree = "<group>";
		};
		A7B446701D5FF387008410AA /* BaseStatArrayStructure */ = {
			isa = PBXGroup;
			children = (
				A7B446711D5FF388008410AA /* AppDelegate.swift */,
				A7B446731D5FF388008410AA /* ViewController.swift */,
				A7B446751D5FF388008410AA /* Main.storyboard */,
				A7B446781D5FF388008410AA /* Assets.xcassets */,
				A7B4467A1D5FF388008410AA /* LaunchScreen.storyboard */,
				A7B4467D1D5FF388008410AA /* Info.plist */,
			);
			path = BaseStatArrayStructure;
			sourceTree = "<group>";
		};
		A7B446851D5FF388008410AA /* BaseStatArrayStructureTests */ = {
			isa = PBXGroup;
			children = (
				A7B446861D5FF388008410AA /* BaseStatArrayStructureTests.swift */,
				A7B446881D5FF388008410AA /* Info.plist */,
			);
			path = BaseStatArrayStructureTests;
			sourceTree = "<group>";
		};
		A7B446901D5FF388008410AA /* BaseStatArrayStructureUITests */ = {
			isa = PBXGroup;
			children = (
				A7B446911D5FF388008410AA /* BaseStatArrayStructureUITests.swift */,
				A7B446931D5FF388008410AA /* Info.plist */,
			);
			path = BaseStatArrayStructureUITests;
			sourceTree = "<group>";
		};
/* End PBXGroup section */

/* Begin PBXNativeTarget section */
		A7B4466D1D5FF387008410AA /* BaseStatArrayStructure */ = {
			isa = PBXNativeTarget;
			buildConfigurationList = A7B446961D5FF388008410AA /* Build configuration list for PBXNativeTarget "BaseStatArrayStructure" */;
			buildPhases = (
				A7B4466A1D5FF387008410AA /* Sources */,
				A7B4466B1D5FF387008410AA /* Frameworks */,
				A7B4466C1D5FF387008410AA /* Resources */,
			);
			buildRules = (
			);
			dependencies = (
			);
			name = BaseStatArrayStructure;
			productName = BaseStatArrayStructure;
			productReference = A7B4466E1D5FF387008410AA /* BaseStatArrayStructure.app */;
			productType = "com.apple.product-type.application";
		};
		A7B446811D5FF388008410AA /* BaseStatArrayStructureTests */ = {
			isa = PBXNativeTarget;
			buildConfigurationList = A7B446991D5FF388008410AA /* Build configuration list for PBXNativeTarget "BaseStatArrayStructureTests" */;
			buildPhases = (
				A7B4467E1D5FF388008410AA /* Sources */,
				A7B4467F1D5FF388008410AA /* Frameworks */,
				A7B446801D5FF388008410AA /* Resources */,
			);
			buildRules = (
			);
			dependencies = (
				A7B446841D5FF388008410AA /* PBXTargetDependency */,
			);
			name = BaseStatArrayStructureTests;
			productName = BaseStatArrayStructureTests;
			productReference = A7B446821D5FF388008410AA /* BaseStatArrayStructureTests.xctest */;
			productType = "com.apple.product-type.bundle.unit-test";
		};
		A7B4468C1D5FF388008410AA /* BaseStatArrayStructureUITests */ = {
			isa = PBXNativeTarget;
			buildConfigurationList = A7B4469C1D5FF388008410AA /* Build configuration list for PBXNativeTarget "BaseStatArrayStructureUITests" */;
			buildPhases = (
				A7B446891D5FF388008410AA /* Sources */,
				A7B4468A1D5FF388008410AA /* Frameworks */,
				A7B4468B1D5FF388008410AA /* Resources */,
			);
			buildRules = (
			);
			dependencies = (
				A7B4468F1D5FF388008410AA /* PBXTargetDependency */,
			);
			name = BaseStatArrayStructureUITests;
			productName = BaseStatArrayStructureUITests;
			productReference = A7B4468D1D5FF388008410AA /* BaseStatArrayStructureUITests.xctest */;
			productType = "com.apple.product-type.bundle.ui-testing";
		};
/* End PBXNativeTarget section */

/* Begin PBXProject section */
		A7B446661D5FF387008410AA /* Project object */ = {
			isa = PBXProject;
			attributes = {
				LastSwiftUpdateCheck = 0730;
				LastUpgradeCheck = 0730;
				ORGANIZATIONNAME = lizgrant;
				TargetAttributes = {
					A7B4466D1D5FF387008410AA = {
						CreatedOnToolsVersion = 7.3.1;
					};
					A7B446811D5FF388008410AA = {
						CreatedOnToolsVersion = 7.3.1;
						TestTargetID = A7B4466D1D5FF387008410AA;
					};
					A7B4468C1D5FF388008410AA = {
						CreatedOnToolsVersion = 7.3.1;
						TestTargetID = A7B4466D1D5FF387008410AA;
					};
				};
			};
			buildConfigurationList = A7B446691D5FF387008410AA /* Build configuration list for PBXProject "BaseStatArrayStructure" */;
			compatibilityVersion = "Xcode 3.2";
			developmentRegion = English;
			hasScannedForEncodings = 0;
			knownRegions = (
				en,
				Base,
			);
			mainGroup = A7B446651D5FF387008410AA;
			productRefGroup = A7B4466F1D5FF387008410AA /* Products */;
			projectDirPath = "";
			projectRoot = "";
			targets = (
				A7B4466D1D5FF387008410AA /* BaseStatArrayStructure */,
				A7B446811D5FF388008410AA /* BaseStatArrayStructureTests */,
				A7B4468C1D5FF388008410AA /* BaseStatArrayStructureUITests */,
			);
		};
/* End PBXProject section */

/* Begin PBXResourcesBuildPhase section */
		A7B4466C1D5FF387008410AA /* Resources */ = {
			isa = PBXResourcesBuildPhase;
			buildActionMask = 2147483647;
			files = (
				A7B4467C1D5FF388008410AA /* LaunchScreen.storyboard in Resources */,
				A7B446791D5FF388008410AA /* Assets.xcassets in Resources */,
				A7B446771D5FF388008410AA /* Main.storyboard in Resources */,
			);
			runOnlyForDeploymentPostprocessing = 0;
		};
		A7B446801D5FF388008410AA /* Resources */ = {
			isa = PBXResourcesBuildPhase;
			buildActionMask = 2147483647;
			files = (
			);
			runOnlyForDeploymentPostprocessing = 0;
		};
		A7B4468B1D5FF388008410AA /* Resources */ = {
			isa = PBXResourcesBuildPhase;
			buildActionMask = 2147483647;
			files = (
			);
			runOnlyForDeploymentPostprocessing = 0;
		};
/* End PBXResourcesBuildPhase section */

/* Begin PBXSourcesBuildPhase section */
		A7B4466A1D5FF387008410AA /* Sources */ = {
			isa = PBXSourcesBuildPhase;
			buildActionMask = 2147483647;
			files = (
				A7B446741D5FF388008410AA /* ViewController.swift in Sources */,
				A7B446721D5FF388008410AA /* AppDelegate.swift in Sources */,
			);
			runOnlyForDeploymentPostprocessing = 0;
		};
		A7B4467E1D5FF388008410AA /* Sources */ = {
			isa = PBXSourcesBuildPhase;
			buildActionMask = 2147483647;
			files = (
				A7B446871D5FF388008410AA /* BaseStatArrayStructureTests.swift in Sources */,
			);
			runOnlyForDeploymentPostprocessing = 0;
		};
		A7B446891D5FF388008410AA /* Sources */ = {
			isa = PBXSourcesBuildPhase;
			buildActionMask = 2147483647;
			files = (
				A7B446921D5FF388008410AA /* BaseStatArrayStructureUITests.swift in Sources */,
			);
			runOnlyForDeploymentPostprocessing = 0;
		};
/* End PBXSourcesBuildPhase section */

/* Begin PBXTargetDependency section */
		A7B446841D5FF388008410AA /* PBXTargetDependency */ = {
			isa = PBXTargetDependency;
			target = A7B4466D1D5FF387008410AA /* BaseStatArrayStructure */;
			targetProxy = A7B446831D5FF388008410AA /* PBXContainerItemProxy */;
		};
		A7B4468F1D5FF388008410AA /* PBXTargetDependency */ = {
			isa = PBXTargetDependency;
			target = A7B4466D1D5FF387008410AA /* BaseStatArrayStructure */;
			targetProxy = A7B4468E1D5FF388008410AA /* PBXContainerItemProxy */;
		};
/* End PBXTargetDependency section */

/* Begin PBXVariantGroup section */
		A7B446751D5FF388008410AA /* Main.storyboard */ = {
			isa = PBXVariantGroup;
			children = (
				A7B446761D5FF388008410AA /* Base */,
			);
			name = Main.storyboard;
			sourceTree = "<group>";
		};
		A7B4467A1D5FF388008410AA /* LaunchScreen.storyboard */ = {
			isa = PBXVariantGroup;
			children = (
				A7B4467B1D5FF388008410AA /* Base */,
			);
			name = LaunchScreen.storyboard;
			sourceTree = "<group>";
		};
/* End PBXVariantGroup section */

/* Begin XCBuildConfiguration section */
		A7B446941D5FF388008410AA /* Debug */ = {
			isa = XCBuildConfiguration;
			buildSettings = {
				ALWAYS_SEARCH_USER_PATHS = NO;
				CLANG_ANALYZER_NONNULL = YES;
				CLANG_CXX_LANGUAGE_STANDARD = "gnu++0x";
				CLANG_CXX_LIBRARY = "libc++";
				CLANG_ENABLE_MODULES = YES;
				CLANG_ENABLE_OBJC_ARC = YES;
				CLANG_WARN_BOOL_CONVERSION = YES;
				CLANG_WARN_CONSTANT_CONVERSION = YES;
				CLANG_WARN_DIRECT_OBJC_ISA_USAGE = YES_ERROR;
				CLANG_WARN_EMPTY_BODY = YES;
				CLANG_WARN_ENUM_CONVERSION = YES;
				CLANG_WARN_INT_CONVERSION = YES;
				CLANG_WARN_OBJC_ROOT_CLASS = YES_ERROR;
				CLANG_WARN_UNREACHABLE_CODE = YES;
				CLANG_WARN__DUPLICATE_METHOD_MATCH = YES;
				"CODE_SIGN_IDENTITY[sdk=iphoneos*]" = "iPhone Developer";
				COPY_PHASE_STRIP = NO;
				DEBUG_INFORMATION_FORMAT = dwarf;
				ENABLE_STRICT_OBJC_MSGSEND = YES;
				ENABLE_TESTABILITY = YES;
				GCC_C_LANGUAGE_STANDARD = gnu99;
				GCC_DYNAMIC_NO_PIC = NO;
				GCC_NO_COMMON_BLOCKS = YES;
				GCC_OPTIMIZATION_LEVEL = 0;
				GCC_PREPROCESSOR_DEFINITIONS = (
					"DEBUG=1",
					"$(inherited)",
				);
				GCC_WARN_64_TO_32_BIT_CONVERSION = YES;
				GCC_WARN_ABOUT_RETURN_TYPE = YES_ERROR;
				GCC_WARN_UNDECLARED_SELECTOR = YES;
				GCC_WARN_UNINITIALIZED_AUTOS = YES_AGGRESSIVE;
				GCC_WARN_UNUSED_FUNCTION = YES;
				GCC_WARN_UNUSED_VARIABLE = YES;
				IPHONEOS_DEPLOYMENT_TARGET = 9.3;
				MTL_ENABLE_DEBUG_INFO = YES;
				ONLY_ACTIVE_ARCH = YES;
				SDKROOT = iphoneos;
				SWIFT_OPTIMIZATION_LEVEL = "-Onone";
			};
			name = Debug;
		};
		A7B446951D5FF388008410AA /* Release */ = {
			isa = XCBuildConfiguration;
			buildSettings = {
				ALWAYS_SEARCH_USER_PATHS = NO;
				CLANG_ANALYZER_NONNULL = YES;
				CLANG_CXX_LANGUAGE_STANDARD = "gnu++0x";
				CLANG_CXX_LIBRARY = "libc++";
				CLANG_ENABLE_MODULES = YES;
				CLANG_ENABLE_OBJC_ARC = YES;
				CLANG_WARN_BOOL_CONVERSION = YES;
				CLANG_WARN_CONSTANT_CONVERSION = YES;
				CLANG_WARN_DIRECT_OBJC_ISA_USAGE = YES_ERROR;
				CLANG_WARN_EMPTY_BODY = YES;
				CLANG_WARN_ENUM_CONVERSION = YES;
				CLANG_WARN_INT_CONVERSION = YES;
				CLANG_WARN_OBJC_ROOT_CLASS = YES_ERROR;
				CLANG_WARN_UNREACHABLE_CODE = YES;
				CLANG_WARN__DUPLICATE_METHOD_MATCH = YES;
				"CODE_SIGN_IDENTITY[sdk=iphoneos*]" = "iPhone Developer";
				COPY_PHASE_STRIP = NO;
				DEBUG_INFORMATION_FORMAT = "dwarf-with-dsym";
				ENABLE_NS_ASSERTIONS = NO;
				ENABLE_STRICT_OBJC_MSGSEND = YES;
				GCC_C_LANGUAGE_STANDARD = gnu99;
				GCC_NO_COMMON_BLOCKS = YES;
				GCC_WARN_64_TO_32_BIT_CONVERSION = YES;
				GCC_WARN_ABOUT_RETURN_TYPE = YES_ERROR;
				GCC_WARN_UNDECLARED_SELECTOR = YES;
				GCC_WARN_UNINITIALIZED_AUTOS = YES_AGGRESSIVE;
				GCC_WARN_UNUSED_FUNCTION = YES;
				GCC_WARN_UNUSED_VARIABLE = YES;
				IPHONEOS_DEPLOYMENT_TARGET = 9.3;
				MTL_ENABLE_DEBUG_INFO = NO;
				SDKROOT = iphoneos;
				VALIDATE_PRODUCT = YES;
			};
			name = Release;
		};
		A7B446971D5FF388008410AA /* Debug */ = {
			isa = XCBuildConfiguration;
			buildSettings = {
				ASSETCATALOG_COMPILER_APPICON_NAME = AppIcon;
				INFOPLIST_FILE = BaseStatArrayStructure/Info.plist;
				LD_RUNPATH_SEARCH_PATHS = "$(inherited) @executable_path/Frameworks";
				PRODUCT_BUNDLE_IDENTIFIER = com.Foster.BaseStatArrayStructure;
				PRODUCT_NAME = "$(TARGET_NAME)";
			};
			name = Debug;
		};
		A7B446981D5FF388008410AA /* Release */ = {
			isa = XCBuildConfiguration;
			buildSettings = {
				ASSETCATALOG_COMPILER_APPICON_NAME = AppIcon;
				INFOPLIST_FILE = BaseStatArrayStructure/Info.plist;
				LD_RUNPATH_SEARCH_PATHS = "$(inherited) @executable_path/Frameworks";
				PRODUCT_BUNDLE_IDENTIFIER = com.Foster.BaseStatArrayStructure;
				PRODUCT_NAME = "$(TARGET_NAME)";
			};
			name = Release;
		};
		A7B4469A1D5FF388008410AA /* Debug */ = {
			isa = XCBuildConfiguration;
			buildSettings = {
				BUNDLE_LOADER = "$(TEST_HOST)";
				INFOPLIST_FILE = BaseStatArrayStructureTests/Info.plist;
				LD_RUNPATH_SEARCH_PATHS = "$(inherited) @executable_path/Frameworks @loader_path/Frameworks";
				PRODUCT_BUNDLE_IDENTIFIER = com.Foster.BaseStatArrayStructureTests;
				PRODUCT_NAME = "$(TARGET_NAME)";
				TEST_HOST = "$(BUILT_PRODUCTS_DIR)/BaseStatArrayStructure.app/BaseStatArrayStructure";
			};
			name = Debug;
		};
		A7B4469B1D5FF388008410AA /* Release */ = {
			isa = XCBuildConfiguration;
			buildSettings = {
				BUNDLE_LOADER = "$(TEST_HOST)";
				INFOPLIST_FILE = BaseStatArrayStructureTests/Info.plist;
				LD_RUNPATH_SEARCH_PATHS = "$(inherited) @executable_path/Frameworks @loader_path/Frameworks";
				PRODUCT_BUNDLE_IDENTIFIER = com.Foster.BaseStatArrayStructureTests;
				PRODUCT_NAME = "$(TARGET_NAME)";
				TEST_HOST = "$(BUILT_PRODUCTS_DIR)/BaseStatArrayStructure.app/BaseStatArrayStructure";
			};
			name = Release;
		};
		A7B4469D1D5FF388008410AA /* Debug */ = {
			isa = XCBuildConfiguration;
			buildSettings = {
				INFOPLIST_FILE = BaseStatArrayStructureUITests/Info.plist;
				LD_RUNPATH_SEARCH_PATHS = "$(inherited) @executable_path/Frameworks @loader_path/Frameworks";
				PRODUCT_BUNDLE_IDENTIFIER = com.Foster.BaseStatArrayStructureUITests;
				PRODUCT_NAME = "$(TARGET_NAME)";
				TEST_TARGET_NAME = BaseStatArrayStructure;
			};
			name = Debug;
		};
		A7B4469E1D5FF388008410AA /* Release */ = {
			isa = XCBuildConfiguration;
			buildSettings = {
				INFOPLIST_FILE = BaseStatArrayStructureUITests/Info.plist;
				LD_RUNPATH_SEARCH_PATHS = "$(inherited) @executable_path/Frameworks @loader_path/Frameworks";
				PRODUCT_BUNDLE_IDENTIFIER = com.Foster.BaseStatArrayStructureUITests;
				PRODUCT_NAME = "$(TARGET_NAME)";
				TEST_TARGET_NAME = BaseStatArrayStructure;
			};
			name = Release;
		};
/* End XCBuildConfiguration section */

/* Begin XCConfigurationList section */
		A7B446691D5FF387008410AA /* Build configuration list for PBXProject "BaseStatArrayStructure" */ = {
			isa = XCConfigurationList;
			buildConfigurations = (
				A7B446941D5FF388008410AA /* Debug */,
				A7B446951D5FF388008410AA /* Release */,
			);
			defaultConfigurationIsVisible = 0;
			defaultConfigurationName = Release;
		};
		A7B446961D5FF388008410AA /* Build configuration list for PBXNativeTarget "BaseStatArrayStructure" */ = {
			isa = XCConfigurationList;
			buildConfigurations = (
				A7B446971D5FF388008410AA /* Debug */,
				A7B446981D5FF388008410AA /* Release */,
			);
			defaultConfigurationIsVisible = 0;
		};
		A7B446991D5FF388008410AA /* Build configuration list for PBXNativeTarget "BaseStatArrayStructureTests" */ = {
			isa = XCConfigurationList;
			buildConfigurations = (
				A7B4469A1D5FF388008410AA /* Debug */,
				A7B4469B1D5FF388008410AA /* Release */,
			);
			defaultConfigurationIsVisible = 0;
		};
		A7B4469C1D5FF388008410AA /* Build configuration list for PBXNativeTarget "BaseStatArrayStructureUITests" */ = {
			isa = XCConfigurationList;
			buildConfigurations = (
				A7B4469D1D5FF388008410AA /* Debug */,
				A7B4469E1D5FF388008410AA /* Release */,
			);
			defaultConfigurationIsVisible = 0;
		};
/* End XCConfigurationList section */
	};
	rootObject = A7B446661D5FF387008410AA /* Project object */;
}
